// !$*UTF8*$!
{
	archiveVersion = 1;
	classes = {
	};
	objectVersion = 50;
	objects = {

/* Begin PBXBuildFile section */
		960FC9F927CFCD3A005B3E8E /* HeaderCollectionViewCell.swift in Sources */ = {isa = PBXBuildFile; fileRef = 960FC9F727CFCD3A005B3E8E /* HeaderCollectionViewCell.swift */; };
		960FC9FA27CFCD3A005B3E8E /* HeaderCollectionViewCell.xib in Resources */ = {isa = PBXBuildFile; fileRef = 960FC9F827CFCD3A005B3E8E /* HeaderCollectionViewCell.xib */; };
		960FCA0627CFF353005B3E8E /* HomeViewController+Header.swift in Sources */ = {isa = PBXBuildFile; fileRef = 960FCA0527CFF353005B3E8E /* HomeViewController+Header.swift */; };
		9615695727D2241E0000219A /* UIView + extension.swift in Sources */ = {isa = PBXBuildFile; fileRef = 9615695627D2241E0000219A /* UIView + extension.swift */; };
		9615695B27D227000000219A /* HeaderMovement.swift in Sources */ = {isa = PBXBuildFile; fileRef = 9615695A27D227000000219A /* HeaderMovement.swift */; };
		9619B5E027D034E800590CFE /* SearchResultTableViewController.swift in Sources */ = {isa = PBXBuildFile; fileRef = 9619B5DE27D034E800590CFE /* SearchResultTableViewController.swift */; };
		9619B5ED27D0358900590CFE /* SearchResultTableViewCell.swift in Sources */ = {isa = PBXBuildFile; fileRef = 9619B5EB27D0358900590CFE /* SearchResultTableViewCell.swift */; };
		9619B5EE27D0358900590CFE /* SearchResultTableViewCell.xib in Resources */ = {isa = PBXBuildFile; fileRef = 9619B5EC27D0358900590CFE /* SearchResultTableViewCell.xib */; };
		9619B5F227D03A1A00590CFE /* ItemSearch.swift in Sources */ = {isa = PBXBuildFile; fileRef = 9619B5F127D03A1A00590CFE /* ItemSearch.swift */; };
		9619B60227D0435000590CFE /* SearchViewModel.swift in Sources */ = {isa = PBXBuildFile; fileRef = 9619B60127D0435000590CFE /* SearchViewModel.swift */; };
		9619B60527D0464A00590CFE /* SearchCellView.swift in Sources */ = {isa = PBXBuildFile; fileRef = 9619B60427D0464A00590CFE /* SearchCellView.swift */; };
		962FB01F27D11E1D0049F61C /* IDetailsView.swift in Sources */ = {isa = PBXBuildFile; fileRef = 962FB01E27D11E1D0049F61C /* IDetailsView.swift */; };
		965F0CF927CEB45800C3F646 /* AppDelegate.swift in Sources */ = {isa = PBXBuildFile; fileRef = 965F0CF827CEB45800C3F646 /* AppDelegate.swift */; };
		965F0CFB27CEB45800C3F646 /* SceneDelegate.swift in Sources */ = {isa = PBXBuildFile; fileRef = 965F0CFA27CEB45800C3F646 /* SceneDelegate.swift */; };
		965F0D0227CEB45B00C3F646 /* Assets.xcassets in Resources */ = {isa = PBXBuildFile; fileRef = 965F0D0127CEB45B00C3F646 /* Assets.xcassets */; };
		965F0D0527CEB45B00C3F646 /* LaunchScreen.storyboard in Resources */ = {isa = PBXBuildFile; fileRef = 965F0D0327CEB45B00C3F646 /* LaunchScreen.storyboard */; };
		965F0D0E27CEB4E800C3F646 /* HomeViewController.swift in Sources */ = {isa = PBXBuildFile; fileRef = 965F0D0D27CEB4E800C3F646 /* HomeViewController.swift */; };
		965F0D1127CEB4FE00C3F646 /* HomeStoryboard.storyboard in Resources */ = {isa = PBXBuildFile; fileRef = 965F0D1027CEB4FE00C3F646 /* HomeStoryboard.storyboard */; };
		965F0D1527CEB5C000C3F646 /* Main.storyboard in Resources */ = {isa = PBXBuildFile; fileRef = 965F0D1427CEB5BF00C3F646 /* Main.storyboard */; };
		965F0D2827CEB95900C3F646 /* ComingSoonTableViewCell.swift in Sources */ = {isa = PBXBuildFile; fileRef = 965F0D2627CEB95900C3F646 /* ComingSoonTableViewCell.swift */; };
		965F0D2927CEB95900C3F646 /* ComingSoonTableViewCell.xib in Resources */ = {isa = PBXBuildFile; fileRef = 965F0D2727CEB95900C3F646 /* ComingSoonTableViewCell.xib */; };
		965F0D2F27CEB9B100C3F646 /* InTheatersTableViewCell.swift in Sources */ = {isa = PBXBuildFile; fileRef = 965F0D2D27CEB9B000C3F646 /* InTheatersTableViewCell.swift */; };
		965F0D3027CEB9B100C3F646 /* InTheatersTableViewCell.xib in Resources */ = {isa = PBXBuildFile; fileRef = 965F0D2E27CEB9B100C3F646 /* InTheatersTableViewCell.xib */; };
		965F0D3527CEB9D600C3F646 /* TopRatedTableViewCell.swift in Sources */ = {isa = PBXBuildFile; fileRef = 965F0D3327CEB9D600C3F646 /* TopRatedTableViewCell.swift */; };
		965F0D3627CEB9D600C3F646 /* TopRatedTableViewCell.xib in Resources */ = {isa = PBXBuildFile; fileRef = 965F0D3427CEB9D600C3F646 /* TopRatedTableViewCell.xib */; };
		965F0D3B27CEBA2600C3F646 /* TopGossingMoviesTableViewCell.swift in Sources */ = {isa = PBXBuildFile; fileRef = 965F0D3927CEBA2600C3F646 /* TopGossingMoviesTableViewCell.swift */; };
		965F0D3C27CEBA2600C3F646 /* TopGossingMoviesTableViewCell.xib in Resources */ = {isa = PBXBuildFile; fileRef = 965F0D3A27CEBA2600C3F646 /* TopGossingMoviesTableViewCell.xib */; };
		965F0D4027CEBB1900C3F646 /* Constants.swift in Sources */ = {isa = PBXBuildFile; fileRef = 965F0D3F27CEBB1900C3F646 /* Constants.swift */; };
		965F0D4927CEBEB400C3F646 /* ComingSoonCollectionViewCell.swift in Sources */ = {isa = PBXBuildFile; fileRef = 965F0D4727CEBEB400C3F646 /* ComingSoonCollectionViewCell.swift */; };
		965F0D4A27CEBEB400C3F646 /* ComingSoonCollectionViewCell.xib in Resources */ = {isa = PBXBuildFile; fileRef = 965F0D4827CEBEB400C3F646 /* ComingSoonCollectionViewCell.xib */; };
		965F0D5327CEC5A700C3F646 /* PopFlakeTabBarController.swift in Sources */ = {isa = PBXBuildFile; fileRef = 965F0D5227CEC5A700C3F646 /* PopFlakeTabBarController.swift */; };
		965F0D5A27CEC96A00C3F646 /* SearchViewController.swift in Sources */ = {isa = PBXBuildFile; fileRef = 965F0D5927CEC96A00C3F646 /* SearchViewController.swift */; };
		965F0D6027CEC98C00C3F646 /* SearchStoryboard.storyboard in Resources */ = {isa = PBXBuildFile; fileRef = 965F0D5F27CEC98B00C3F646 /* SearchStoryboard.storyboard */; };
		965F0D6727CEC9F600C3F646 /* SettingsStoryboard.storyboard in Resources */ = {isa = PBXBuildFile; fileRef = 965F0D6627CEC9F600C3F646 /* SettingsStoryboard.storyboard */; };
		965F0D6C27CECA1100C3F646 /* SettingsViewController.swift in Sources */ = {isa = PBXBuildFile; fileRef = 965F0D6B27CECA1100C3F646 /* SettingsViewController.swift */; };
		965F0D7527CECDF800C3F646 /* PopFlakeTabBarViewModel.swift in Sources */ = {isa = PBXBuildFile; fileRef = 965F0D7427CECDF800C3F646 /* PopFlakeTabBarViewModel.swift */; };
		965F0D7A27CED06E00C3F646 /* UIViewController+extensions.swift in Sources */ = {isa = PBXBuildFile; fileRef = 965F0D7927CED06E00C3F646 /* UIViewController+extensions.swift */; };
		965F0D7E27CED15D00C3F646 /* Header.swift in Sources */ = {isa = PBXBuildFile; fileRef = 965F0D7D27CED15D00C3F646 /* Header.swift */; };
		965F0D8127CED18F00C3F646 /* HomeViewModel.swift in Sources */ = {isa = PBXBuildFile; fileRef = 965F0D8027CED18F00C3F646 /* HomeViewModel.swift */; };
		965F0D8527CED33900C3F646 /* NetworkLayer.swift in Sources */ = {isa = PBXBuildFile; fileRef = 965F0D8427CED33900C3F646 /* NetworkLayer.swift */; };
		965F0D8827CED49C00C3F646 /* Item.swift in Sources */ = {isa = PBXBuildFile; fileRef = 965F0D8727CED49C00C3F646 /* Item.swift */; };
		965F0D8C27CED7C700C3F646 /* ItemsCellView.swift in Sources */ = {isa = PBXBuildFile; fileRef = 965F0D8B27CED7C700C3F646 /* ItemsCellView.swift */; };
		965F0D9027CEDE3D00C3F646 /* API.swift in Sources */ = {isa = PBXBuildFile; fileRef = 965F0D8F27CEDE3D00C3F646 /* API.swift */; };
		967B2FFB27CFFD61000D1D6E /* ItemCollectionViewCell.swift in Sources */ = {isa = PBXBuildFile; fileRef = 967B2FFA27CFFD61000D1D6E /* ItemCollectionViewCell.swift */; };
		967B2FFE27CFFD87000D1D6E /* HeaderCellView.swift in Sources */ = {isa = PBXBuildFile; fileRef = 967B2FFD27CFFD87000D1D6E /* HeaderCellView.swift */; };
		967B300127CFFDFC000D1D6E /* Trailor.swift in Sources */ = {isa = PBXBuildFile; fileRef = 967B300027CFFDFC000D1D6E /* Trailor.swift */; };
		96A6186127D0D7F40021EDF5 /* SearchResultViewModel.swift in Sources */ = {isa = PBXBuildFile; fileRef = 96A6186027D0D7F40021EDF5 /* SearchResultViewModel.swift */; };
		96F0CBEB27CF89F600EAE9C0 /* InTheatersCollectionViewCell.swift in Sources */ = {isa = PBXBuildFile; fileRef = 96F0CBE927CF89F600EAE9C0 /* InTheatersCollectionViewCell.swift */; };
		96F0CBEC27CF89F600EAE9C0 /* InTheatersCollectionViewCell.xib in Resources */ = {isa = PBXBuildFile; fileRef = 96F0CBEA27CF89F600EAE9C0 /* InTheatersCollectionViewCell.xib */; };
		96F0CBFB27CF9F7300EAE9C0 /* TopGrossingInnerCell.swift in Sources */ = {isa = PBXBuildFile; fileRef = 96F0CBF927CF9F7300EAE9C0 /* TopGrossingInnerCell.swift */; };
		96F0CBFC27CF9F7300EAE9C0 /* TopGrossingInnerCell.xib in Resources */ = {isa = PBXBuildFile; fileRef = 96F0CBFA27CF9F7300EAE9C0 /* TopGrossingInnerCell.xib */; };
/* End PBXBuildFile section */

/* Begin PBXFileReference section */
		960FC9F727CFCD3A005B3E8E /* HeaderCollectionViewCell.swift */ = {isa = PBXFileReference; lastKnownFileType = sourcecode.swift; path = HeaderCollectionViewCell.swift; sourceTree = "<group>"; };
		960FC9F827CFCD3A005B3E8E /* HeaderCollectionViewCell.xib */ = {isa = PBXFileReference; lastKnownFileType = file.xib; path = HeaderCollectionViewCell.xib; sourceTree = "<group>"; };
		960FCA0527CFF353005B3E8E /* HomeViewController+Header.swift */ = {isa = PBXFileReference; lastKnownFileType = sourcecode.swift; path = "HomeViewController+Header.swift"; sourceTree = "<group>"; };
		9615695627D2241E0000219A /* UIView + extension.swift */ = {isa = PBXFileReference; lastKnownFileType = sourcecode.swift; path = "UIView + extension.swift"; sourceTree = "<group>"; };
		9615695A27D227000000219A /* HeaderMovement.swift */ = {isa = PBXFileReference; lastKnownFileType = sourcecode.swift; path = HeaderMovement.swift; sourceTree = "<group>"; };
		9619B5DE27D034E800590CFE /* SearchResultTableViewController.swift */ = {isa = PBXFileReference; lastKnownFileType = sourcecode.swift; path = SearchResultTableViewController.swift; sourceTree = "<group>"; };
		9619B5EB27D0358900590CFE /* SearchResultTableViewCell.swift */ = {isa = PBXFileReference; lastKnownFileType = sourcecode.swift; path = SearchResultTableViewCell.swift; sourceTree = "<group>"; };
		9619B5EC27D0358900590CFE /* SearchResultTableViewCell.xib */ = {isa = PBXFileReference; lastKnownFileType = file.xib; path = SearchResultTableViewCell.xib; sourceTree = "<group>"; };
		9619B5F127D03A1A00590CFE /* ItemSearch.swift */ = {isa = PBXFileReference; lastKnownFileType = sourcecode.swift; path = ItemSearch.swift; sourceTree = "<group>"; };
		9619B60127D0435000590CFE /* SearchViewModel.swift */ = {isa = PBXFileReference; lastKnownFileType = sourcecode.swift; path = SearchViewModel.swift; sourceTree = "<group>"; };
		9619B60427D0464A00590CFE /* SearchCellView.swift */ = {isa = PBXFileReference; lastKnownFileType = sourcecode.swift; path = SearchCellView.swift; sourceTree = "<group>"; };
		962FB01E27D11E1D0049F61C /* IDetailsView.swift */ = {isa = PBXFileReference; lastKnownFileType = sourcecode.swift; path = IDetailsView.swift; sourceTree = "<group>"; };
		965F0CF527CEB45800C3F646 /* PopFlake.app */ = {isa = PBXFileReference; explicitFileType = wrapper.application; includeInIndex = 0; path = PopFlake.app; sourceTree = BUILT_PRODUCTS_DIR; };
		965F0CF827CEB45800C3F646 /* AppDelegate.swift */ = {isa = PBXFileReference; lastKnownFileType = sourcecode.swift; path = AppDelegate.swift; sourceTree = "<group>"; };
		965F0CFA27CEB45800C3F646 /* SceneDelegate.swift */ = {isa = PBXFileReference; lastKnownFileType = sourcecode.swift; path = SceneDelegate.swift; sourceTree = "<group>"; };
		965F0D0127CEB45B00C3F646 /* Assets.xcassets */ = {isa = PBXFileReference; lastKnownFileType = folder.assetcatalog; path = Assets.xcassets; sourceTree = "<group>"; };
		965F0D0427CEB45B00C3F646 /* Base */ = {isa = PBXFileReference; lastKnownFileType = file.storyboard; name = Base; path = Base.lproj/LaunchScreen.storyboard; sourceTree = "<group>"; };
		965F0D0627CEB45B00C3F646 /* Info.plist */ = {isa = PBXFileReference; lastKnownFileType = text.plist.xml; path = Info.plist; sourceTree = "<group>"; };
		965F0D0D27CEB4E800C3F646 /* HomeViewController.swift */ = {isa = PBXFileReference; lastKnownFileType = sourcecode.swift; path = HomeViewController.swift; sourceTree = "<group>"; };
		965F0D1027CEB4FE00C3F646 /* HomeStoryboard.storyboard */ = {isa = PBXFileReference; lastKnownFileType = file.storyboard; path = HomeStoryboard.storyboard; sourceTree = "<group>"; };
		965F0D1427CEB5BF00C3F646 /* Main.storyboard */ = {isa = PBXFileReference; fileEncoding = 4; lastKnownFileType = file.storyboard; path = Main.storyboard; sourceTree = "<group>"; };
		965F0D2627CEB95900C3F646 /* ComingSoonTableViewCell.swift */ = {isa = PBXFileReference; lastKnownFileType = sourcecode.swift; path = ComingSoonTableViewCell.swift; sourceTree = "<group>"; };
		965F0D2727CEB95900C3F646 /* ComingSoonTableViewCell.xib */ = {isa = PBXFileReference; lastKnownFileType = file.xib; path = ComingSoonTableViewCell.xib; sourceTree = "<group>"; };
		965F0D2D27CEB9B000C3F646 /* InTheatersTableViewCell.swift */ = {isa = PBXFileReference; lastKnownFileType = sourcecode.swift; path = InTheatersTableViewCell.swift; sourceTree = "<group>"; };
		965F0D2E27CEB9B100C3F646 /* InTheatersTableViewCell.xib */ = {isa = PBXFileReference; lastKnownFileType = file.xib; path = InTheatersTableViewCell.xib; sourceTree = "<group>"; };
		965F0D3327CEB9D600C3F646 /* TopRatedTableViewCell.swift */ = {isa = PBXFileReference; lastKnownFileType = sourcecode.swift; path = TopRatedTableViewCell.swift; sourceTree = "<group>"; };
		965F0D3427CEB9D600C3F646 /* TopRatedTableViewCell.xib */ = {isa = PBXFileReference; lastKnownFileType = file.xib; path = TopRatedTableViewCell.xib; sourceTree = "<group>"; };
		965F0D3927CEBA2600C3F646 /* TopGossingMoviesTableViewCell.swift */ = {isa = PBXFileReference; lastKnownFileType = sourcecode.swift; path = TopGossingMoviesTableViewCell.swift; sourceTree = "<group>"; };
		965F0D3A27CEBA2600C3F646 /* TopGossingMoviesTableViewCell.xib */ = {isa = PBXFileReference; lastKnownFileType = file.xib; path = TopGossingMoviesTableViewCell.xib; sourceTree = "<group>"; };
		965F0D3F27CEBB1900C3F646 /* Constants.swift */ = {isa = PBXFileReference; lastKnownFileType = sourcecode.swift; path = Constants.swift; sourceTree = "<group>"; };
		965F0D4727CEBEB400C3F646 /* ComingSoonCollectionViewCell.swift */ = {isa = PBXFileReference; lastKnownFileType = sourcecode.swift; path = ComingSoonCollectionViewCell.swift; sourceTree = "<group>"; };
		965F0D4827CEBEB400C3F646 /* ComingSoonCollectionViewCell.xib */ = {isa = PBXFileReference; lastKnownFileType = file.xib; path = ComingSoonCollectionViewCell.xib; sourceTree = "<group>"; };
		965F0D5227CEC5A700C3F646 /* PopFlakeTabBarController.swift */ = {isa = PBXFileReference; lastKnownFileType = sourcecode.swift; path = PopFlakeTabBarController.swift; sourceTree = "<group>"; };
		965F0D5927CEC96A00C3F646 /* SearchViewController.swift */ = {isa = PBXFileReference; lastKnownFileType = sourcecode.swift; path = SearchViewController.swift; sourceTree = "<group>"; };
		965F0D5F27CEC98B00C3F646 /* SearchStoryboard.storyboard */ = {isa = PBXFileReference; lastKnownFileType = file.storyboard; path = SearchStoryboard.storyboard; sourceTree = "<group>"; };
		965F0D6627CEC9F600C3F646 /* SettingsStoryboard.storyboard */ = {isa = PBXFileReference; lastKnownFileType = file.storyboard; path = SettingsStoryboard.storyboard; sourceTree = "<group>"; };
		965F0D6B27CECA1100C3F646 /* SettingsViewController.swift */ = {isa = PBXFileReference; lastKnownFileType = sourcecode.swift; path = SettingsViewController.swift; sourceTree = "<group>"; };
		965F0D7427CECDF800C3F646 /* PopFlakeTabBarViewModel.swift */ = {isa = PBXFileReference; lastKnownFileType = sourcecode.swift; path = PopFlakeTabBarViewModel.swift; sourceTree = "<group>"; };
		965F0D7927CED06E00C3F646 /* UIViewController+extensions.swift */ = {isa = PBXFileReference; lastKnownFileType = sourcecode.swift; path = "UIViewController+extensions.swift"; sourceTree = "<group>"; };
		965F0D7D27CED15D00C3F646 /* Header.swift */ = {isa = PBXFileReference; lastKnownFileType = sourcecode.swift; path = Header.swift; sourceTree = "<group>"; };
		965F0D8027CED18F00C3F646 /* HomeViewModel.swift */ = {isa = PBXFileReference; lastKnownFileType = sourcecode.swift; path = HomeViewModel.swift; sourceTree = "<group>"; };
		965F0D8427CED33900C3F646 /* NetworkLayer.swift */ = {isa = PBXFileReference; lastKnownFileType = sourcecode.swift; path = NetworkLayer.swift; sourceTree = "<group>"; };
		965F0D8727CED49C00C3F646 /* Item.swift */ = {isa = PBXFileReference; lastKnownFileType = sourcecode.swift; path = Item.swift; sourceTree = "<group>"; };
		965F0D8B27CED7C700C3F646 /* ItemsCellView.swift */ = {isa = PBXFileReference; lastKnownFileType = sourcecode.swift; path = ItemsCellView.swift; sourceTree = "<group>"; };
		965F0D8F27CEDE3D00C3F646 /* API.swift */ = {isa = PBXFileReference; lastKnownFileType = sourcecode.swift; path = API.swift; sourceTree = "<group>"; };
		967B2FFA27CFFD61000D1D6E /* ItemCollectionViewCell.swift */ = {isa = PBXFileReference; lastKnownFileType = sourcecode.swift; path = ItemCollectionViewCell.swift; sourceTree = "<group>"; };
		967B2FFD27CFFD87000D1D6E /* HeaderCellView.swift */ = {isa = PBXFileReference; lastKnownFileType = sourcecode.swift; path = HeaderCellView.swift; sourceTree = "<group>"; };
		967B300027CFFDFC000D1D6E /* Trailor.swift */ = {isa = PBXFileReference; fileEncoding = 4; lastKnownFileType = sourcecode.swift; path = Trailor.swift; sourceTree = "<group>"; };
		96A6186027D0D7F40021EDF5 /* SearchResultViewModel.swift */ = {isa = PBXFileReference; lastKnownFileType = sourcecode.swift; path = SearchResultViewModel.swift; sourceTree = "<group>"; };
		96F0CBE927CF89F600EAE9C0 /* InTheatersCollectionViewCell.swift */ = {isa = PBXFileReference; lastKnownFileType = sourcecode.swift; path = InTheatersCollectionViewCell.swift; sourceTree = "<group>"; };
		96F0CBEA27CF89F600EAE9C0 /* InTheatersCollectionViewCell.xib */ = {isa = PBXFileReference; lastKnownFileType = file.xib; path = InTheatersCollectionViewCell.xib; sourceTree = "<group>"; };
		96F0CBF927CF9F7300EAE9C0 /* TopGrossingInnerCell.swift */ = {isa = PBXFileReference; lastKnownFileType = sourcecode.swift; path = TopGrossingInnerCell.swift; sourceTree = "<group>"; };
		96F0CBFA27CF9F7300EAE9C0 /* TopGrossingInnerCell.xib */ = {isa = PBXFileReference; lastKnownFileType = file.xib; path = TopGrossingInnerCell.xib; sourceTree = "<group>"; };
/* End PBXFileReference section */

/* Begin PBXFrameworksBuildPhase section */
		965F0CF227CEB45700C3F646 /* Frameworks */ = {
			isa = PBXFrameworksBuildPhase;
			buildActionMask = 2147483647;
			files = (
			);
			runOnlyForDeploymentPostprocessing = 0;
		};
/* End PBXFrameworksBuildPhase section */

/* Begin PBXGroup section */
		960FC9EB27CFCC76005B3E8E /* Header */ = {
			isa = PBXGroup;
			children = (
				960FC9F627CFCD1F005B3E8E /* Cell */,
			);
			path = Header;
			sourceTree = "<group>";
		};
		960FC9F627CFCD1F005B3E8E /* Cell */ = {
			isa = PBXGroup;
			children = (
				960FC9F727CFCD3A005B3E8E /* HeaderCollectionViewCell.swift */,
				960FC9F827CFCD3A005B3E8E /* HeaderCollectionViewCell.xib */,
			);
			path = Cell;
			sourceTree = "<group>";
		};
		9619B5E327D034F700590CFE /* Search Result View */ = {
			isa = PBXGroup;
			children = (
				96A6185927D0D76C0021EDF5 /* View */,
				96A6185F27D0D7DC0021EDF5 /* View Model */,
			);
			path = "Search Result View";
			sourceTree = "<group>";
		};
		9619B5E527D0352000590CFE /* Cell */ = {
			isa = PBXGroup;
			children = (
				9619B5EB27D0358900590CFE /* SearchResultTableViewCell.swift */,
				9619B5EC27D0358900590CFE /* SearchResultTableViewCell.xib */,
			);
			path = Cell;
			sourceTree = "<group>";
		};
		965F0CEC27CEB45700C3F646 = {
			isa = PBXGroup;
			children = (
				965F0CF727CEB45800C3F646 /* PopFlake */,
				965F0CF627CEB45800C3F646 /* Products */,
			);
			sourceTree = "<group>";
		};
		965F0CF627CEB45800C3F646 /* Products */ = {
			isa = PBXGroup;
			children = (
				965F0CF527CEB45800C3F646 /* PopFlake.app */,
			);
			name = Products;
			sourceTree = "<group>";
		};
		965F0CF727CEB45800C3F646 /* PopFlake */ = {
			isa = PBXGroup;
			children = (
				965F0D8A27CED74900C3F646 /* Protocols */,
				965F0D7827CED05300C3F646 /* Extensions */,
				965F0D8327CED32A00C3F646 /* Network Layer */,
				965F0D3E27CEBB0300C3F646 /* Constants */,
				965F0D1C27CEB85B00C3F646 /* Screens */,
				965F0D1727CEB6AA00C3F646 /* Delegates */,
				965F0D1927CEB6BC00C3F646 /* Resources */,
				965F0D1A27CEB6ED00C3F646 /* Configuration */,
			);
			path = PopFlake;
			sourceTree = "<group>";
		};
		965F0D1727CEB6AA00C3F646 /* Delegates */ = {
			isa = PBXGroup;
			children = (
				965F0CF827CEB45800C3F646 /* AppDelegate.swift */,
				965F0CFA27CEB45800C3F646 /* SceneDelegate.swift */,
			);
			path = Delegates;
			sourceTree = "<group>";
		};
		965F0D1927CEB6BC00C3F646 /* Resources */ = {
			isa = PBXGroup;
			children = (
				965F0D0127CEB45B00C3F646 /* Assets.xcassets */,
				965F0D0327CEB45B00C3F646 /* LaunchScreen.storyboard */,
			);
			path = Resources;
			sourceTree = "<group>";
		};
		965F0D1A27CEB6ED00C3F646 /* Configuration */ = {
			isa = PBXGroup;
			children = (
				965F0D0627CEB45B00C3F646 /* Info.plist */,
			);
			path = Configuration;
			sourceTree = "<group>";
		};
		965F0D1C27CEB85B00C3F646 /* Screens */ = {
			isa = PBXGroup;
			children = (
				965F0D4C27CEC49A00C3F646 /* PopFlakeTabBar */,
				965F0D1D27CEB86300C3F646 /* Home */,
				965F0D5527CEC92600C3F646 /* Search */,
				965F0D6227CEC9BC00C3F646 /* Settings */,
			);
			path = Screens;
			sourceTree = "<group>";
		};
		965F0D1D27CEB86300C3F646 /* Home */ = {
			isa = PBXGroup;
			children = (
				965F0D4D27CEC4C300C3F646 /* Model */,
				965F0D1E27CEB87D00C3F646 /* View */,
				965F0D4E27CEC4CE00C3F646 /* View Model */,
			);
			path = Home;
			sourceTree = "<group>";
		};
		965F0D1E27CEB87D00C3F646 /* View */ = {
			isa = PBXGroup;
			children = (
				960FC9EB27CFCC76005B3E8E /* Header */,
				965F0D1027CEB4FE00C3F646 /* HomeStoryboard.storyboard */,
				965F0D2027CEB8BF00C3F646 /* Cells */,
				965F0D1F27CEB88300C3F646 /* Controller */,
			);
			path = View;
			sourceTree = "<group>";
		};
		965F0D1F27CEB88300C3F646 /* Controller */ = {
			isa = PBXGroup;
			children = (
				965F0D0D27CEB4E800C3F646 /* HomeViewController.swift */,
			);
			path = Controller;
			sourceTree = "<group>";
		};
		965F0D2027CEB8BF00C3F646 /* Cells */ = {
			isa = PBXGroup;
			children = (
				965F0D2B27CEB96000C3F646 /* Coming soon */,
				965F0D2C27CEB98900C3F646 /* In theaters */,
				965F0D3227CEB9B800C3F646 /* Top rated */,
				965F0D3827CEB9EB00C3F646 /* Top gossing movies */,
			);
			path = Cells;
			sourceTree = "<group>";
		};
		965F0D2B27CEB96000C3F646 /* Coming soon */ = {
			isa = PBXGroup;
			children = (
				965F0D4227CEBE3F00C3F646 /* CollectionView cell */,
				965F0D2627CEB95900C3F646 /* ComingSoonTableViewCell.swift */,
				965F0D2727CEB95900C3F646 /* ComingSoonTableViewCell.xib */,
			);
			path = "Coming soon";
			sourceTree = "<group>";
		};
		965F0D2C27CEB98900C3F646 /* In theaters */ = {
			isa = PBXGroup;
			children = (
				96F0CBE827CF89AC00EAE9C0 /* CollectionView cell */,
				965F0D2D27CEB9B000C3F646 /* InTheatersTableViewCell.swift */,
				965F0D2E27CEB9B100C3F646 /* InTheatersTableViewCell.xib */,
			);
			path = "In theaters";
			sourceTree = "<group>";
		};
		965F0D3227CEB9B800C3F646 /* Top rated */ = {
			isa = PBXGroup;
			children = (
				965F0D3327CEB9D600C3F646 /* TopRatedTableViewCell.swift */,
				965F0D3427CEB9D600C3F646 /* TopRatedTableViewCell.xib */,
			);
			path = "Top rated";
			sourceTree = "<group>";
		};
		965F0D3827CEB9EB00C3F646 /* Top gossing movies */ = {
			isa = PBXGroup;
			children = (
				96F0CBF427CF9F0400EAE9C0 /* TopGrossingInnerCell */,
				965F0D3927CEBA2600C3F646 /* TopGossingMoviesTableViewCell.swift */,
				965F0D3A27CEBA2600C3F646 /* TopGossingMoviesTableViewCell.xib */,
			);
			path = "Top gossing movies";
			sourceTree = "<group>";
		};
		965F0D3E27CEBB0300C3F646 /* Constants */ = {
			isa = PBXGroup;
			children = (
				965F0D3F27CEBB1900C3F646 /* Constants.swift */,
				965F0D8F27CEDE3D00C3F646 /* API.swift */,
			);
			path = Constants;
			sourceTree = "<group>";
		};
		965F0D4227CEBE3F00C3F646 /* CollectionView cell */ = {
			isa = PBXGroup;
			children = (
				965F0D4727CEBEB400C3F646 /* ComingSoonCollectionViewCell.swift */,
				965F0D4827CEBEB400C3F646 /* ComingSoonCollectionViewCell.xib */,
			);
			path = "CollectionView cell";
			sourceTree = "<group>";
		};
		965F0D4C27CEC49A00C3F646 /* PopFlakeTabBar */ = {
			isa = PBXGroup;
			children = (
				965F0D4F27CEC4F800C3F646 /* View */,
				965F0D7327CECDCE00C3F646 /* View Model */,
			);
			path = PopFlakeTabBar;
			sourceTree = "<group>";
		};
		965F0D4D27CEC4C300C3F646 /* Model */ = {
			isa = PBXGroup;
			children = (
				965F0D7D27CED15D00C3F646 /* Header.swift */,
				965F0D8727CED49C00C3F646 /* Item.swift */,
				967B300027CFFDFC000D1D6E /* Trailor.swift */,
			);
			path = Model;
			sourceTree = "<group>";
		};
		965F0D4E27CEC4CE00C3F646 /* View Model */ = {
			isa = PBXGroup;
			children = (
				965F0D8027CED18F00C3F646 /* HomeViewModel.swift */,
			);
			path = "View Model";
			sourceTree = "<group>";
		};
		965F0D4F27CEC4F800C3F646 /* View */ = {
			isa = PBXGroup;
			children = (
				965F0D5027CEC50400C3F646 /* Controller */,
				965F0D1427CEB5BF00C3F646 /* Main.storyboard */,
			);
			path = View;
			sourceTree = "<group>";
		};
		965F0D5027CEC50400C3F646 /* Controller */ = {
			isa = PBXGroup;
			children = (
				965F0D5227CEC5A700C3F646 /* PopFlakeTabBarController.swift */,
			);
			path = Controller;
			sourceTree = "<group>";
		};
		965F0D5527CEC92600C3F646 /* Search */ = {
			isa = PBXGroup;
			children = (
				965F0D5F27CEC98B00C3F646 /* SearchStoryboard.storyboard */,
				9619B5E327D034F700590CFE /* Search Result View */,
				96A6186327D0D82F0021EDF5 /* Search Controller */,
			);
			path = Search;
			sourceTree = "<group>";
		};
		965F0D5627CEC93000C3F646 /* View Model */ = {
			isa = PBXGroup;
			children = (
				9619B60127D0435000590CFE /* SearchViewModel.swift */,
			);
			path = "View Model";
			sourceTree = "<group>";
		};
		965F0D5727CEC93C00C3F646 /* View */ = {
			isa = PBXGroup;
			children = (
				965F0D5C27CEC97300C3F646 /* Controller */,
			);
			path = View;
			sourceTree = "<group>";
		};
		965F0D5827CEC94A00C3F646 /* Model */ = {
			isa = PBXGroup;
			children = (
				9619B5F127D03A1A00590CFE /* ItemSearch.swift */,
			);
			path = Model;
			sourceTree = "<group>";
		};
		965F0D5C27CEC97300C3F646 /* Controller */ = {
			isa = PBXGroup;
			children = (
				965F0D5927CEC96A00C3F646 /* SearchViewController.swift */,
			);
			path = Controller;
			sourceTree = "<group>";
		};
		965F0D6227CEC9BC00C3F646 /* Settings */ = {
			isa = PBXGroup;
			children = (
				965F0D6527CEC9D400C3F646 /* Model */,
				965F0D6427CEC9CD00C3F646 /* View */,
				965F0D6327CEC9C500C3F646 /* View Model */,
			);
			path = Settings;
			sourceTree = "<group>";
		};
		965F0D6327CEC9C500C3F646 /* View Model */ = {
			isa = PBXGroup;
			children = (
			);
			path = "View Model";
			sourceTree = "<group>";
		};
		965F0D6427CEC9CD00C3F646 /* View */ = {
			isa = PBXGroup;
			children = (
				965F0D6A27CEC9FE00C3F646 /* Controller */,
				965F0D6627CEC9F600C3F646 /* SettingsStoryboard.storyboard */,
			);
			path = View;
			sourceTree = "<group>";
		};
		965F0D6527CEC9D400C3F646 /* Model */ = {
			isa = PBXGroup;
			children = (
			);
			path = Model;
			sourceTree = "<group>";
		};
		965F0D6A27CEC9FE00C3F646 /* Controller */ = {
			isa = PBXGroup;
			children = (
				965F0D6B27CECA1100C3F646 /* SettingsViewController.swift */,
			);
			path = Controller;
			sourceTree = "<group>";
		};
		965F0D7327CECDCE00C3F646 /* View Model */ = {
			isa = PBXGroup;
			children = (
				965F0D7427CECDF800C3F646 /* PopFlakeTabBarViewModel.swift */,
			);
			path = "View Model";
			sourceTree = "<group>";
		};
		965F0D7827CED05300C3F646 /* Extensions */ = {
			isa = PBXGroup;
			children = (
				965F0D7927CED06E00C3F646 /* UIViewController+extensions.swift */,
				960FCA0527CFF353005B3E8E /* HomeViewController+Header.swift */,
				9615695627D2241E0000219A /* UIView + extension.swift */,
			);
			path = Extensions;
			sourceTree = "<group>";
		};
		965F0D8327CED32A00C3F646 /* Network Layer */ = {
			isa = PBXGroup;
			children = (
				965F0D8427CED33900C3F646 /* NetworkLayer.swift */,
			);
			path = "Network Layer";
			sourceTree = "<group>";
		};
		965F0D8A27CED74900C3F646 /* Protocols */ = {
			isa = PBXGroup;
			children = (
				965F0D8B27CED7C700C3F646 /* ItemsCellView.swift */,
				967B2FFA27CFFD61000D1D6E /* ItemCollectionViewCell.swift */,
				967B2FFD27CFFD87000D1D6E /* HeaderCellView.swift */,
				9619B60427D0464A00590CFE /* SearchCellView.swift */,
				962FB01E27D11E1D0049F61C /* IDetailsView.swift */,
				9615695A27D227000000219A /* HeaderMovement.swift */,
			);
			path = Protocols;
			sourceTree = "<group>";
		};
		96A6185927D0D76C0021EDF5 /* View */ = {
			isa = PBXGroup;
			children = (
				9619B5E527D0352000590CFE /* Cell */,
				96A6185D27D0D7B10021EDF5 /* Controller */,
			);
			path = View;
			sourceTree = "<group>";
		};
		96A6185D27D0D7B10021EDF5 /* Controller */ = {
			isa = PBXGroup;
			children = (
				9619B5DE27D034E800590CFE /* SearchResultTableViewController.swift */,
			);
			path = Controller;
			sourceTree = "<group>";
		};
		96A6185F27D0D7DC0021EDF5 /* View Model */ = {
			isa = PBXGroup;
			children = (
				96A6186027D0D7F40021EDF5 /* SearchResultViewModel.swift */,
			);
			path = "View Model";
			sourceTree = "<group>";
		};
		96A6186327D0D82F0021EDF5 /* Search Controller */ = {
			isa = PBXGroup;
			children = (
				965F0D5827CEC94A00C3F646 /* Model */,
				965F0D5727CEC93C00C3F646 /* View */,
				965F0D5627CEC93000C3F646 /* View Model */,
			);
			path = "Search Controller";
			sourceTree = "<group>";
		};
		96F0CBE827CF89AC00EAE9C0 /* CollectionView cell */ = {
			isa = PBXGroup;
			children = (
				96F0CBE927CF89F600EAE9C0 /* InTheatersCollectionViewCell.swift */,
				96F0CBEA27CF89F600EAE9C0 /* InTheatersCollectionViewCell.xib */,
			);
			path = "CollectionView cell";
			sourceTree = "<group>";
		};
		96F0CBF427CF9F0400EAE9C0 /* TopGrossingInnerCell */ = {
			isa = PBXGroup;
			children = (
				96F0CBF927CF9F7300EAE9C0 /* TopGrossingInnerCell.swift */,
				96F0CBFA27CF9F7300EAE9C0 /* TopGrossingInnerCell.xib */,
			);
			path = TopGrossingInnerCell;
			sourceTree = "<group>";
		};
/* End PBXGroup section */

/* Begin PBXNativeTarget section */
		965F0CF427CEB45700C3F646 /* PopFlake */ = {
			isa = PBXNativeTarget;
			buildConfigurationList = 965F0D0927CEB45B00C3F646 /* Build configuration list for PBXNativeTarget "PopFlake" */;
			buildPhases = (
				965F0CF127CEB45700C3F646 /* Sources */,
				965F0CF227CEB45700C3F646 /* Frameworks */,
				965F0CF327CEB45700C3F646 /* Resources */,
			);
			buildRules = (
			);
			dependencies = (
			);
			name = PopFlake;
			productName = PopFlake;
			productReference = 965F0CF527CEB45800C3F646 /* PopFlake.app */;
			productType = "com.apple.product-type.application";
		};
/* End PBXNativeTarget section */

/* Begin PBXProject section */
		965F0CED27CEB45700C3F646 /* Project object */ = {
			isa = PBXProject;
			attributes = {
				LastSwiftUpdateCheck = 1240;
				LastUpgradeCheck = 1240;
				TargetAttributes = {
					965F0CF427CEB45700C3F646 = {
						CreatedOnToolsVersion = 12.4;
					};
				};
			};
			buildConfigurationList = 965F0CF027CEB45700C3F646 /* Build configuration list for PBXProject "PopFlake" */;
			compatibilityVersion = "Xcode 9.3";
			developmentRegion = en;
			hasScannedForEncodings = 0;
			knownRegions = (
				en,
				Base,
			);
			mainGroup = 965F0CEC27CEB45700C3F646;
			productRefGroup = 965F0CF627CEB45800C3F646 /* Products */;
			projectDirPath = "";
			projectRoot = "";
			targets = (
				965F0CF427CEB45700C3F646 /* PopFlake */,
			);
		};
/* End PBXProject section */

/* Begin PBXResourcesBuildPhase section */
		965F0CF327CEB45700C3F646 /* Resources */ = {
			isa = PBXResourcesBuildPhase;
			buildActionMask = 2147483647;
			files = (
				965F0D3027CEB9B100C3F646 /* InTheatersTableViewCell.xib in Resources */,
				965F0D6027CEC98C00C3F646 /* SearchStoryboard.storyboard in Resources */,
				965F0D4A27CEBEB400C3F646 /* ComingSoonCollectionViewCell.xib in Resources */,
				96F0CBFC27CF9F7300EAE9C0 /* TopGrossingInnerCell.xib in Resources */,
				965F0D0527CEB45B00C3F646 /* LaunchScreen.storyboard in Resources */,
				965F0D0227CEB45B00C3F646 /* Assets.xcassets in Resources */,
				9619B5EE27D0358900590CFE /* SearchResultTableViewCell.xib in Resources */,
				965F0D1127CEB4FE00C3F646 /* HomeStoryboard.storyboard in Resources */,
				96F0CBEC27CF89F600EAE9C0 /* InTheatersCollectionViewCell.xib in Resources */,
				965F0D1527CEB5C000C3F646 /* Main.storyboard in Resources */,
				965F0D2927CEB95900C3F646 /* ComingSoonTableViewCell.xib in Resources */,
				965F0D3627CEB9D600C3F646 /* TopRatedTableViewCell.xib in Resources */,
				960FC9FA27CFCD3A005B3E8E /* HeaderCollectionViewCell.xib in Resources */,
				965F0D3C27CEBA2600C3F646 /* TopGossingMoviesTableViewCell.xib in Resources */,
				965F0D6727CEC9F600C3F646 /* SettingsStoryboard.storyboard in Resources */,
			);
			runOnlyForDeploymentPostprocessing = 0;
		};
/* End PBXResourcesBuildPhase section */

/* Begin PBXSourcesBuildPhase section */
		965F0CF127CEB45700C3F646 /* Sources */ = {
			isa = PBXSourcesBuildPhase;
			buildActionMask = 2147483647;
			files = (
				965F0D0E27CEB4E800C3F646 /* HomeViewController.swift in Sources */,
				967B300127CFFDFC000D1D6E /* Trailor.swift in Sources */,
				965F0D5A27CEC96A00C3F646 /* SearchViewController.swift in Sources */,
				96A6186127D0D7F40021EDF5 /* SearchResultViewModel.swift in Sources */,
				9619B5E027D034E800590CFE /* SearchResultTableViewController.swift in Sources */,
				96F0CBEB27CF89F600EAE9C0 /* InTheatersCollectionViewCell.swift in Sources */,
				967B2FFE27CFFD87000D1D6E /* HeaderCellView.swift in Sources */,
				967B2FFB27CFFD61000D1D6E /* ItemCollectionViewCell.swift in Sources */,
				965F0D3B27CEBA2600C3F646 /* TopGossingMoviesTableViewCell.swift in Sources */,
				965F0D8127CED18F00C3F646 /* HomeViewModel.swift in Sources */,
				965F0D4927CEBEB400C3F646 /* ComingSoonCollectionViewCell.swift in Sources */,
				9615695B27D227000000219A /* HeaderMovement.swift in Sources */,
				965F0CF927CEB45800C3F646 /* AppDelegate.swift in Sources */,
				965F0D7A27CED06E00C3F646 /* UIViewController+extensions.swift in Sources */,
				965F0D2827CEB95900C3F646 /* ComingSoonTableViewCell.swift in Sources */,
				965F0D7527CECDF800C3F646 /* PopFlakeTabBarViewModel.swift in Sources */,
				965F0D8C27CED7C700C3F646 /* ItemsCellView.swift in Sources */,
				965F0D2F27CEB9B100C3F646 /* InTheatersTableViewCell.swift in Sources */,
				960FCA0627CFF353005B3E8E /* HomeViewController+Header.swift in Sources */,
				965F0D8827CED49C00C3F646 /* Item.swift in Sources */,
				9619B60227D0435000590CFE /* SearchViewModel.swift in Sources */,
				9615695727D2241E0000219A /* UIView + extension.swift in Sources */,
				965F0D3527CEB9D600C3F646 /* TopRatedTableViewCell.swift in Sources */,
				965F0D8527CED33900C3F646 /* NetworkLayer.swift in Sources */,
				965F0D9027CEDE3D00C3F646 /* API.swift in Sources */,
				962FB01F27D11E1D0049F61C /* IDetailsView.swift in Sources */,
				96F0CBFB27CF9F7300EAE9C0 /* TopGrossingInnerCell.swift in Sources */,
				965F0D7E27CED15D00C3F646 /* Header.swift in Sources */,
				965F0D5327CEC5A700C3F646 /* PopFlakeTabBarController.swift in Sources */,
				965F0CFB27CEB45800C3F646 /* SceneDelegate.swift in Sources */,
				9619B5ED27D0358900590CFE /* SearchResultTableViewCell.swift in Sources */,
				9619B5F227D03A1A00590CFE /* ItemSearch.swift in Sources */,
				960FC9F927CFCD3A005B3E8E /* HeaderCollectionViewCell.swift in Sources */,
				9619B60527D0464A00590CFE /* SearchCellView.swift in Sources */,
				965F0D4027CEBB1900C3F646 /* Constants.swift in Sources */,
				965F0D6C27CECA1100C3F646 /* SettingsViewController.swift in Sources */,
			);
			runOnlyForDeploymentPostprocessing = 0;
		};
/* End PBXSourcesBuildPhase section */

/* Begin PBXVariantGroup section */
		965F0D0327CEB45B00C3F646 /* LaunchScreen.storyboard */ = {
			isa = PBXVariantGroup;
			children = (
				965F0D0427CEB45B00C3F646 /* Base */,
			);
			name = LaunchScreen.storyboard;
			sourceTree = "<group>";
		};
/* End PBXVariantGroup section */

/* Begin XCBuildConfiguration section */
		965F0D0727CEB45B00C3F646 /* Debug */ = {
			isa = XCBuildConfiguration;
			buildSettings = {
				ALWAYS_SEARCH_USER_PATHS = NO;
				CLANG_ANALYZER_NONNULL = YES;
				CLANG_ANALYZER_NUMBER_OBJECT_CONVERSION = YES_AGGRESSIVE;
				CLANG_CXX_LANGUAGE_STANDARD = "gnu++14";
				CLANG_CXX_LIBRARY = "libc++";
				CLANG_ENABLE_MODULES = YES;
				CLANG_ENABLE_OBJC_ARC = YES;
				CLANG_ENABLE_OBJC_WEAK = YES;
				CLANG_WARN_BLOCK_CAPTURE_AUTORELEASING = YES;
				CLANG_WARN_BOOL_CONVERSION = YES;
				CLANG_WARN_COMMA = YES;
				CLANG_WARN_CONSTANT_CONVERSION = YES;
				CLANG_WARN_DEPRECATED_OBJC_IMPLEMENTATIONS = YES;
				CLANG_WARN_DIRECT_OBJC_ISA_USAGE = YES_ERROR;
				CLANG_WARN_DOCUMENTATION_COMMENTS = YES;
				CLANG_WARN_EMPTY_BODY = YES;
				CLANG_WARN_ENUM_CONVERSION = YES;
				CLANG_WARN_INFINITE_RECURSION = YES;
				CLANG_WARN_INT_CONVERSION = YES;
				CLANG_WARN_NON_LITERAL_NULL_CONVERSION = YES;
				CLANG_WARN_OBJC_IMPLICIT_RETAIN_SELF = YES;
				CLANG_WARN_OBJC_LITERAL_CONVERSION = YES;
				CLANG_WARN_OBJC_ROOT_CLASS = YES_ERROR;
				CLANG_WARN_QUOTED_INCLUDE_IN_FRAMEWORK_HEADER = YES;
				CLANG_WARN_RANGE_LOOP_ANALYSIS = YES;
				CLANG_WARN_STRICT_PROTOTYPES = YES;
				CLANG_WARN_SUSPICIOUS_MOVE = YES;
				CLANG_WARN_UNGUARDED_AVAILABILITY = YES_AGGRESSIVE;
				CLANG_WARN_UNREACHABLE_CODE = YES;
				CLANG_WARN__DUPLICATE_METHOD_MATCH = YES;
				COPY_PHASE_STRIP = NO;
				DEBUG_INFORMATION_FORMAT = dwarf;
				ENABLE_STRICT_OBJC_MSGSEND = YES;
				ENABLE_TESTABILITY = YES;
				GCC_C_LANGUAGE_STANDARD = gnu11;
				GCC_DYNAMIC_NO_PIC = NO;
				GCC_NO_COMMON_BLOCKS = YES;
				GCC_OPTIMIZATION_LEVEL = 0;
				GCC_PREPROCESSOR_DEFINITIONS = (
					"DEBUG=1",
					"$(inherited)",
				);
				GCC_WARN_64_TO_32_BIT_CONVERSION = YES;
				GCC_WARN_ABOUT_RETURN_TYPE = YES_ERROR;
				GCC_WARN_UNDECLARED_SELECTOR = YES;
				GCC_WARN_UNINITIALIZED_AUTOS = YES_AGGRESSIVE;
				GCC_WARN_UNUSED_FUNCTION = YES;
				GCC_WARN_UNUSED_VARIABLE = YES;
				IPHONEOS_DEPLOYMENT_TARGET = 14.4;
				MTL_ENABLE_DEBUG_INFO = INCLUDE_SOURCE;
				MTL_FAST_MATH = YES;
				ONLY_ACTIVE_ARCH = YES;
				SDKROOT = iphoneos;
				SWIFT_ACTIVE_COMPILATION_CONDITIONS = DEBUG;
				SWIFT_OPTIMIZATION_LEVEL = "-Onone";
			};
			name = Debug;
		};
		965F0D0827CEB45B00C3F646 /* Release */ = {
			isa = XCBuildConfiguration;
			buildSettings = {
				ALWAYS_SEARCH_USER_PATHS = NO;
				CLANG_ANALYZER_NONNULL = YES;
				CLANG_ANALYZER_NUMBER_OBJECT_CONVERSION = YES_AGGRESSIVE;
				CLANG_CXX_LANGUAGE_STANDARD = "gnu++14";
				CLANG_CXX_LIBRARY = "libc++";
				CLANG_ENABLE_MODULES = YES;
				CLANG_ENABLE_OBJC_ARC = YES;
				CLANG_ENABLE_OBJC_WEAK = YES;
				CLANG_WARN_BLOCK_CAPTURE_AUTORELEASING = YES;
				CLANG_WARN_BOOL_CONVERSION = YES;
				CLANG_WARN_COMMA = YES;
				CLANG_WARN_CONSTANT_CONVERSION = YES;
				CLANG_WARN_DEPRECATED_OBJC_IMPLEMENTATIONS = YES;
				CLANG_WARN_DIRECT_OBJC_ISA_USAGE = YES_ERROR;
				CLANG_WARN_DOCUMENTATION_COMMENTS = YES;
				CLANG_WARN_EMPTY_BODY = YES;
				CLANG_WARN_ENUM_CONVERSION = YES;
				CLANG_WARN_INFINITE_RECURSION = YES;
				CLANG_WARN_INT_CONVERSION = YES;
				CLANG_WARN_NON_LITERAL_NULL_CONVERSION = YES;
				CLANG_WARN_OBJC_IMPLICIT_RETAIN_SELF = YES;
				CLANG_WARN_OBJC_LITERAL_CONVERSION = YES;
				CLANG_WARN_OBJC_ROOT_CLASS = YES_ERROR;
				CLANG_WARN_QUOTED_INCLUDE_IN_FRAMEWORK_HEADER = YES;
				CLANG_WARN_RANGE_LOOP_ANALYSIS = YES;
				CLANG_WARN_STRICT_PROTOTYPES = YES;
				CLANG_WARN_SUSPICIOUS_MOVE = YES;
				CLANG_WARN_UNGUARDED_AVAILABILITY = YES_AGGRESSIVE;
				CLANG_WARN_UNREACHABLE_CODE = YES;
				CLANG_WARN__DUPLICATE_METHOD_MATCH = YES;
				COPY_PHASE_STRIP = NO;
				DEBUG_INFORMATION_FORMAT = "dwarf-with-dsym";
				ENABLE_NS_ASSERTIONS = NO;
				ENABLE_STRICT_OBJC_MSGSEND = YES;
				GCC_C_LANGUAGE_STANDARD = gnu11;
				GCC_NO_COMMON_BLOCKS = YES;
				GCC_WARN_64_TO_32_BIT_CONVERSION = YES;
				GCC_WARN_ABOUT_RETURN_TYPE = YES_ERROR;
				GCC_WARN_UNDECLARED_SELECTOR = YES;
				GCC_WARN_UNINITIALIZED_AUTOS = YES_AGGRESSIVE;
				GCC_WARN_UNUSED_FUNCTION = YES;
				GCC_WARN_UNUSED_VARIABLE = YES;
				IPHONEOS_DEPLOYMENT_TARGET = 14.4;
				MTL_ENABLE_DEBUG_INFO = NO;
				MTL_FAST_MATH = YES;
				SDKROOT = iphoneos;
				SWIFT_COMPILATION_MODE = wholemodule;
				SWIFT_OPTIMIZATION_LEVEL = "-O";
				VALIDATE_PRODUCT = YES;
			};
			name = Release;
		};
		965F0D0A27CEB45B00C3F646 /* Debug */ = {
			isa = XCBuildConfiguration;
			buildSettings = {
				ASSETCATALOG_COMPILER_APPICON_NAME = AppIcon;
				ASSETCATALOG_COMPILER_GLOBAL_ACCENT_COLOR_NAME = "";
				ASSETCATALOG_WARNINGS = NO;
				CODE_SIGN_STYLE = Automatic;
				DEVELOPMENT_TEAM = GZ93545KF8;
				INFOPLIST_FILE = PopFlake/Configuration/Info.plist;
				LD_RUNPATH_SEARCH_PATHS = (
					"$(inherited)",
					"@executable_path/Frameworks",
				);
				OTHER_CODE_SIGN_FLAGS = "--generate-entitlement-der";
				PRODUCT_BUNDLE_IDENTIFIER = task.PopFlake;
				PRODUCT_NAME = "$(TARGET_NAME)";
				SWIFT_VERSION = 5.0;
				TARGETED_DEVICE_FAMILY = 1;
			};
			name = Debug;
		};
		965F0D0B27CEB45B00C3F646 /* Release */ = {
			isa = XCBuildConfiguration;
			buildSettings = {
				ASSETCATALOG_COMPILER_APPICON_NAME = AppIcon;
				ASSETCATALOG_COMPILER_GLOBAL_ACCENT_COLOR_NAME = "";
				ASSETCATALOG_WARNINGS = NO;
				CODE_SIGN_STYLE = Automatic;
				DEVELOPMENT_TEAM = GZ93545KF8;
				INFOPLIST_FILE = PopFlake/Configuration/Info.plist;
				LD_RUNPATH_SEARCH_PATHS = (
					"$(inherited)",
					"@executable_path/Frameworks",
				);
				OTHER_CODE_SIGN_FLAGS = "--generate-entitlement-der";
				PRODUCT_BUNDLE_IDENTIFIER = task.PopFlake;
				PRODUCT_NAME = "$(TARGET_NAME)";
				SWIFT_VERSION = 5.0;
				TARGETED_DEVICE_FAMILY = 1;
			};
			name = Release;
		};
/* End XCBuildConfiguration section */

/* Begin XCConfigurationList section */
		965F0CF027CEB45700C3F646 /* Build configuration list for PBXProject "PopFlake" */ = {
			isa = XCConfigurationList;
			buildConfigurations = (
				965F0D0727CEB45B00C3F646 /* Debug */,
				965F0D0827CEB45B00C3F646 /* Release */,
			);
			defaultConfigurationIsVisible = 0;
			defaultConfigurationName = Release;
		};
		965F0D0927CEB45B00C3F646 /* Build configuration list for PBXNativeTarget "PopFlake" */ = {
			isa = XCConfigurationList;
			buildConfigurations = (
				965F0D0A27CEB45B00C3F646 /* Debug */,
				965F0D0B27CEB45B00C3F646 /* Release */,
			);
			defaultConfigurationIsVisible = 0;
			defaultConfigurationName = Release;
		};
/* End XCConfigurationList section */
	};
	rootObject = 965F0CED27CEB45700C3F646 /* Project object */;
}
